
Microsoft Visual Studio Solution File, Format Version 12.00
# Visual Studio Version 17
VisualStudioVersion = 17.5.002.0
MinimumVisualStudioVersion = 10.0.40219.1
Project("{9A19103F-16F7-4668-BE54-9A1E7A4F7556}") = "Idea", "Idea.csproj", "{98893F00-9D60-46E8-9629-961E3B786073}"
EndProject
Global
	GlobalSection(SolutionConfigurationPlatforms) = preSolution
		Debug|Any CPU = Debug|Any CPU
		Release|Any CPU = Release|Any CPU
	EndGlobalSection
	GlobalSection(ProjectConfigurationPlatforms) = postSolution
		{98893F00-9D60-46E8-9629-961E3B786073}.Debug|Any CPU.ActiveCfg = Debug|Any CPU
		{98893F00-9D60-46E8-9629-961E3B786073}.Debug|Any CPU.Build.0 = Debug|Any CPU
		{98893F00-9D60-46E8-9629-961E3B786073}.Release|Any CPU.ActiveCfg = Release|Any CPU
		{98893F00-9D60-46E8-9629-961E3B786073}.Release|Any CPU.Build.0 = Release|Any CPU
	EndGlobalSection
	GlobalSection(SolutionProperties) = preSolution
		HideSolutionNode = FALSE
	EndGlobalSection
	GlobalSection(ExtensibilityGlobals) = postSolution
		SolutionGuid = {B6A3A1BA-A006-46C0-968D-261A1AFDD792}
	EndGlobalSection
EndGlobal
